<?xml version="1.0" encoding="utf-8"?>
<Project ToolsVersion="4.0" xmlns:atg="http://atg.xbox.com" xmlns="http://schemas.microsoft.com/developer/msbuild/2003">
  <ItemGroup>
    <Filter Include="0Default">
      <UniqueIdentifier>{9116375c-6e50-4aad-9124-07f9805459ed}</UniqueIdentifier>
    </Filter>
    <Filter Include="0Default\DXUT">
      <UniqueIdentifier>{a43c5c25-0e86-4a20-b64a-883785ff74fd}</UniqueIdentifier>
    </Filter>
    <Filter Include="0Default\Resource Files">
      <UniqueIdentifier>{8e114980-c1a3-4ada-ad7c-83caadf5daeb}</UniqueIdentifier>
      <Extensions>rc;ico;cur;bmp;dlg;rc2;rct;bin;rgs;gif;jpg;jpeg;jpe</Extensions>
    </Filter>
    <Filter Include="0Default\Shaders">
      <UniqueIdentifier>{2c3d4c8c-5d1a-459a-a05a-a4e4b608a44e}</UniqueIdentifier>
      <Extensions>fx;fxh;hlsl</Extensions>
    </Filter>
    <Filter Include="1Engine">
      <UniqueIdentifier>{9a95d44b-8b41-4e2d-a057-995e5e5737ed}</UniqueIdentifier>
    </Filter>
    <Filter Include="2Client">
      <UniqueIdentifier>{cacb828c-3402-4bb7-80d0-9f25c29e5756}</UniqueIdentifier>
    </Filter>
    <Filter Include="1Engine\0Base">
      <UniqueIdentifier>{e4f9306f-1869-4398-bde3-e73ac96256c9}</UniqueIdentifier>
    </Filter>
    <Filter Include="1Engine\1Scene">
      <UniqueIdentifier>{8dc92a99-b5d7-4cfe-b9ff-acc6b03885bd}</UniqueIdentifier>
    </Filter>
    <Filter Include="1Engine\3GameObject">
      <UniqueIdentifier>{4f8e6eeb-7616-487b-9543-457e439b4721}</UniqueIdentifier>
    </Filter>
    <Filter Include="1Engine\4Component">
      <UniqueIdentifier>{39121bee-1afb-4704-a2b7-0011d3e11a95}</UniqueIdentifier>
    </Filter>
    <Filter Include="1Engine\5Singleton">
      <UniqueIdentifier>{e969c2bd-5b5a-4c6c-a43e-561629658a1c}</UniqueIdentifier>
    </Filter>
    <Filter Include="1Engine\6Manager">
      <UniqueIdentifier>{7e8d584d-d19d-4ab9-a843-d1467c5cce60}</UniqueIdentifier>
    </Filter>
    <Filter Include="1Engine\6Manager\0SceneManager">
      <UniqueIdentifier>{7756cbc9-d650-420d-a821-963b864b927b}</UniqueIdentifier>
    </Filter>
    <Filter Include="1Engine\4Component\0Component">
      <UniqueIdentifier>{6256d733-ee4b-4121-9c27-f53d3646a7c3}</UniqueIdentifier>
    </Filter>
    <Filter Include="1Engine\4Component\1Transform">
      <UniqueIdentifier>{bbb02127-7900-4fdc-870d-dc8bbc469c28}</UniqueIdentifier>
    </Filter>
    <Filter Include="1Engine\4Component\2Resources">
      <UniqueIdentifier>{8fd43d67-2d27-47c2-8493-fab0ea27157d}</UniqueIdentifier>
    </Filter>
    <Filter Include="1Engine\6Manager\1ResourceManager">
      <UniqueIdentifier>{28f4bb31-aeed-440e-99ea-f868ddbb0d45}</UniqueIdentifier>
    </Filter>
    <Filter Include="1Engine\4Component\3Mesh">
      <UniqueIdentifier>{a9f246e2-a2c7-43bc-ae3a-f6ab8308db5d}</UniqueIdentifier>
    </Filter>
    <Filter Include="1Engine\4Component\3Mesh\0StaticMesh">
      <UniqueIdentifier>{6c1ce063-a9fc-496b-b925-190953209633}</UniqueIdentifier>
    </Filter>
    <Filter Include="2Client\0Scene">
      <UniqueIdentifier>{ba70e8a2-aa97-4256-a4a6-599298153515}</UniqueIdentifier>
    </Filter>
    <Filter Include="2Client\0Scene\0MenuScene">
      <UniqueIdentifier>{9433ede7-ddda-43f8-8e5b-49a0581c9af3}</UniqueIdentifier>
    </Filter>
    <Filter Include="2Client\1GameObject">
      <UniqueIdentifier>{165832a2-3757-465b-adcb-f47c6270322e}</UniqueIdentifier>
    </Filter>
    <Filter Include="1Engine\2Layer">
      <UniqueIdentifier>{fb698d80-d412-4b15-9a37-c06ea4fd058d}</UniqueIdentifier>
    </Filter>
    <Filter Include="2Client\1GameObject\0Camera">
      <UniqueIdentifier>{57d85de6-1bd0-4ebd-a419-58ba7460bbc6}</UniqueIdentifier>
    </Filter>
    <Filter Include="1Engine\6Manager\2GraphicsManager">
      <UniqueIdentifier>{8235ae9f-aed8-4c86-a49d-01e14b843787}</UniqueIdentifier>
    </Filter>
    <Filter Include="1Engine\4Component\4Shader">
      <UniqueIdentifier>{0bdee1bc-45bb-49a6-b107-5607a8c89d7a}</UniqueIdentifier>
    </Filter>
    <Filter Include="1Engine\4Component\4Shader\0Default">
      <UniqueIdentifier>{9f19bae3-af5c-4a38-9397-67bdb4e0fd72}</UniqueIdentifier>
    </Filter>
    <Filter Include="1Engine\4Component\3Mesh\1DynamicMesh">
      <UniqueIdentifier>{341c3da8-fdcc-46db-97db-6cd042104687}</UniqueIdentifier>
    </Filter>
    <Filter Include="1Engine\4Component\3Mesh\1DynamicMesh\AnimationController">
      <UniqueIdentifier>{9dc07e0b-1295-4f0f-bf24-134f87092a4e}</UniqueIdentifier>
    </Filter>
    <Filter Include="1Engine\4Component\3Mesh\1DynamicMesh\MeshHierarchy">
      <UniqueIdentifier>{d4e73a15-67fd-422a-8d22-3f1cf7d327f8}</UniqueIdentifier>
    </Filter>
    <Filter Include="1Engine\4Component\4Shader\1DynamicMeshShader">
      <UniqueIdentifier>{61e650a4-9e92-4512-8b66-abeca5d1135c}</UniqueIdentifier>
    </Filter>
    <Filter Include="1Engine\7Observer">
      <UniqueIdentifier>{994536cd-3fc7-48c4-a7cd-ce824eef1383}</UniqueIdentifier>
    </Filter>
    <Filter Include="1Engine\7Observer\0Observer">
      <UniqueIdentifier>{bab29c86-1e36-4883-8171-c68094eb493b}</UniqueIdentifier>
    </Filter>
    <Filter Include="1Engine\7Observer\1Subject">
      <UniqueIdentifier>{74e179c5-8c05-4a6b-9ec6-b23bc8733f8c}</UniqueIdentifier>
    </Filter>
    <Filter Include="1Engine\6Manager\3SubjectManager">
      <UniqueIdentifier>{d4fda53c-b6bc-4b87-8f3d-c18f76c5c6c9}</UniqueIdentifier>
    </Filter>
    <Filter Include="2Client\2Observer">
      <UniqueIdentifier>{7baca698-fc3f-4bf3-8b8d-16f1300deeea}</UniqueIdentifier>
    </Filter>
    <Filter Include="2Client\2Observer\0PlayerObserver">
      <UniqueIdentifier>{e332b8ac-7964-44d8-9139-5157837905dc}</UniqueIdentifier>
    </Filter>
    <Filter Include="2Client\1GameObject\1SkySphere">
      <UniqueIdentifier>{28932865-6d57-46f8-909b-869c2c6d0988}</UniqueIdentifier>
    </Filter>
    <Filter Include="1Engine\4Component\5Texture">
      <UniqueIdentifier>{a51dc57d-8e67-424a-853c-0c603ed6cc18}</UniqueIdentifier>
    </Filter>
    <Filter Include="1Engine\4Component\6Trail">
      <UniqueIdentifier>{0d47b10a-80a5-403b-9f66-67b9881e5443}</UniqueIdentifier>
    </Filter>
    <Filter Include="1Engine\8UI">
      <UniqueIdentifier>{4ceaa78c-6dfe-4d7f-a497-439f0c5d7251}</UniqueIdentifier>
    </Filter>
    <Filter Include="1Engine\8UI\0StaticUI">
      <UniqueIdentifier>{444bbf12-5edf-4e57-b3bb-00452de6a601}</UniqueIdentifier>
    </Filter>
    <Filter Include="1Engine\8UI\1DynamicUI">
      <UniqueIdentifier>{f59b0af9-0cad-4627-8c67-d924dbf98eee}</UniqueIdentifier>
    </Filter>
    <Filter Include="2Client\1GameObject\2Player">
      <UniqueIdentifier>{8ec42cc9-dd16-423e-abe3-c68ca20bee62}</UniqueIdentifier>
    </Filter>
    <Filter Include="2Client\1GameObject\2Player\plane">
      <UniqueIdentifier>{6e9e7594-6c67-477d-862d-0c8a5d38abd1}</UniqueIdentifier>
    </Filter>
    <Filter Include="2Client\1GameObject\2Player\child">
      <UniqueIdentifier>{b1635ba7-bb40-4892-bd24-0ac873d07c1f}</UniqueIdentifier>
    </Filter>
    <Filter Include="2Client\1GameObject\3UI">
      <UniqueIdentifier>{39f575cc-9fe0-4496-8b9c-e3c0083bda80}</UniqueIdentifier>
    </Filter>
  </ItemGroup>
  <ItemGroup>
    <None Include="DXUT\Optional\directx.ico">
      <Filter>0Default\Resource Files</Filter>
    </None>
    <ClInclude Include="DXUT\Core\DXUT.h">
      <Filter>0Default\DXUT</Filter>
    </ClInclude>
    <ClInclude Include="DXUT\Core\DXUTenum.h">
      <Filter>0Default\DXUT</Filter>
    </ClInclude>
    <ClInclude Include="DXUT\Core\DXUTmisc.h">
      <Filter>0Default\DXUT</Filter>
    </ClInclude>
    <ClCompile Include="DXUT\Core\DXUT.cpp">
      <Filter>0Default\DXUT</Filter>
    </ClCompile>
    <ClCompile Include="DXUT\Core\DXUTenum.cpp">
      <Filter>0Default\DXUT</Filter>
    </ClCompile>
    <ClCompile Include="DXUT\Core\DXUTmisc.cpp">
      <Filter>0Default\DXUT</Filter>
    </ClCompile>
    <ClInclude Include="DXUT\Optional\DXUTcamera.h">
      <Filter>0Default\DXUT</Filter>
    </ClInclude>
    <ClInclude Include="DXUT\Optional\DXUTgui.h">
      <Filter>0Default\DXUT</Filter>
    </ClInclude>
    <ClInclude Include="DXUT\Optional\DXUTres.h">
      <Filter>0Default\DXUT</Filter>
    </ClInclude>
    <ClInclude Include="DXUT\Optional\DXUTsettingsdlg.h">
      <Filter>0Default\DXUT</Filter>
    </ClInclude>
    <ClInclude Include="DXUT\Optional\SDKmesh.h">
      <Filter>0Default\DXUT</Filter>
    </ClInclude>
    <ClInclude Include="DXUT\Optional\SDKmisc.h">
      <Filter>0Default\DXUT</Filter>
    </ClInclude>
    <ClCompile Include="DXUT\Optional\DXUTcamera.cpp">
      <Filter>0Default\DXUT</Filter>
    </ClCompile>
    <ClCompile Include="DXUT\Optional\DXUTgui.cpp">
      <Filter>0Default\DXUT</Filter>
    </ClCompile>
    <ClCompile Include="DXUT\Optional\DXUTres.cpp">
      <Filter>0Default\DXUT</Filter>
    </ClCompile>
    <ClCompile Include="DXUT\Optional\DXUTsettingsdlg.cpp">
      <Filter>0Default\DXUT</Filter>
    </ClCompile>
    <ClCompile Include="DXUT\Optional\SDKmesh.cpp">
      <Filter>0Default\DXUT</Filter>
    </ClCompile>
    <ClCompile Include="DXUT\Optional\SDKmisc.cpp">
      <Filter>0Default\DXUT</Filter>
    </ClCompile>
  </ItemGroup>
  <ItemGroup>
    <ClCompile Include="ATC.cpp">
      <Filter>0Default</Filter>
    </ClCompile>
    <ClCompile Include="Client\MenuScene.cpp">
      <Filter>2Client\0Scene\0MenuScene</Filter>
    </ClCompile>
    <ClCompile Include="Engine\Base.cpp">
      <Filter>1Engine\0Base</Filter>
    </ClCompile>
    <ClCompile Include="Engine\Component.cpp">
      <Filter>1Engine\4Component\0Component</Filter>
    </ClCompile>
    <ClCompile Include="Engine\GameObject.cpp">
      <Filter>1Engine\3GameObject</Filter>
    </ClCompile>
    <ClCompile Include="Engine\Layer.cpp">
      <Filter>1Engine\2Layer</Filter>
    </ClCompile>
    <ClCompile Include="Engine\Scene.cpp">
      <Filter>1Engine\1Scene</Filter>
    </ClCompile>
    <ClCompile Include="Engine\ResourceManager.cpp">
      <Filter>1Engine\6Manager\1ResourceManager</Filter>
    </ClCompile>
    <ClCompile Include="Engine\Resources.cpp">
      <Filter>1Engine\4Component\2Resources</Filter>
    </ClCompile>
    <ClCompile Include="Engine\SceneManager.cpp">
      <Filter>1Engine\6Manager\0SceneManager</Filter>
    </ClCompile>
    <ClCompile Include="Engine\Singleton.cpp">
      <Filter>1Engine\5Singleton</Filter>
    </ClCompile>
    <ClCompile Include="Engine\StaticMesh.cpp">
      <Filter>1Engine\4Component\3Mesh\0StaticMesh</Filter>
    </ClCompile>
    <ClCompile Include="Engine\Transform.cpp">
      <Filter>1Engine\4Component\1Transform</Filter>
    </ClCompile>
    <ClCompile Include="Client\Camera.cpp">
      <Filter>2Client\1GameObject\0Camera</Filter>
    </ClCompile>
    <ClCompile Include="Engine\GraphicsManager.cpp">
      <Filter>1Engine\6Manager\2GraphicsManager</Filter>
    </ClCompile>
    <ClCompile Include="Engine\Shader.cpp">
      <Filter>1Engine\4Component\4Shader</Filter>
    </ClCompile>
    <ClCompile Include="Engine\DynamicMesh.cpp">
      <Filter>1Engine\4Component\3Mesh\1DynamicMesh</Filter>
    </ClCompile>
    <ClCompile Include="Engine\MeshHierarchy.cpp">
      <Filter>1Engine\4Component\3Mesh\1DynamicMesh\MeshHierarchy</Filter>
    </ClCompile>
    <ClCompile Include="Engine\AnimationController.cpp">
      <Filter>1Engine\4Component\3Mesh\1DynamicMesh\AnimationController</Filter>
    </ClCompile>
    <ClCompile Include="Client\test.cpp">
      <Filter>2Client\1GameObject\2Player\plane</Filter>
    </ClCompile>
    <ClCompile Include="Client\testChild.cpp">
      <Filter>2Client\1GameObject\2Player\child</Filter>
    </ClCompile>
    <ClCompile Include="Engine\Subject.cpp">
      <Filter>1Engine\7Observer\1Subject</Filter>
    </ClCompile>
    <ClCompile Include="Engine\Observer.cpp">
      <Filter>1Engine\7Observer\0Observer</Filter>
    </ClCompile>
    <ClCompile Include="Engine\SubjectManager.cpp">
      <Filter>1Engine\6Manager\3SubjectManager</Filter>
    </ClCompile>
    <ClCompile Include="Client\PlayerObserver.cpp">
      <Filter>2Client\2Observer\0PlayerObserver</Filter>
    </ClCompile>
    <ClCompile Include="Client\SkySphere.cpp">
      <Filter>2Client\1GameObject\1SkySphere</Filter>
    </ClCompile>
    <ClCompile Include="Engine\Texture.cpp">
      <Filter>1Engine\4Component\5Texture</Filter>
    </ClCompile>
    <ClCompile Include="Engine\Trail.cpp">
      <Filter>1Engine\4Component\6Trail</Filter>
    </ClCompile>
    <ClCompile Include="Engine\UIBase.cpp">
      <Filter>1Engine\8UI</Filter>
    </ClCompile>
    <ClCompile Include="Engine\DynamicUI.cpp">
      <Filter>1Engine\8UI\1DynamicUI</Filter>
    </ClCompile>
    <ClCompile Include="Engine\StaticUI.cpp">
      <Filter>1Engine\8UI\0StaticUI</Filter>
    </ClCompile>
    <ClCompile Include="Client\AimPoint.cpp">
      <Filter>2Client\1GameObject\3UI</Filter>
    </ClCompile>
  </ItemGroup>
  <ItemGroup>
    <CLInclude Include="resource.h">
      <Filter>0Default\Resource Files</Filter>
    </CLInclude>
    <ResourceCompile Include="ATC.rc">
      <Filter>0Default\Resource Files</Filter>
    </ResourceCompile>
    <ClInclude Include="Client\MenuScene.h">
      <Filter>2Client\0Scene\0MenuScene</Filter>
    </ClInclude>
    <ClInclude Include="Engine\Base.h">
      <Filter>1Engine\0Base</Filter>
    </ClInclude>
    <ClInclude Include="Engine\Component.h">
      <Filter>1Engine\4Component\0Component</Filter>
    </ClInclude>
    <ClInclude Include="Engine\GameObject.h">
      <Filter>1Engine\3GameObject</Filter>
    </ClInclude>
    <ClInclude Include="Engine\Layer.h">
      <Filter>1Engine\2Layer</Filter>
    </ClInclude>
    <ClInclude Include="Engine\Scene.h">
      <Filter>1Engine\1Scene</Filter>
    </ClInclude>
    <ClInclude Include="Engine\ResourceManager.h">
      <Filter>1Engine\6Manager\1ResourceManager</Filter>
    </ClInclude>
    <ClInclude Include="Engine\Resources.h">
      <Filter>1Engine\4Component\2Resources</Filter>
    </ClInclude>
    <ClInclude Include="Engine\SceneManager.h">
      <Filter>1Engine\6Manager\0SceneManager</Filter>
    </ClInclude>
    <ClInclude Include="Engine\Singleton.h">
      <Filter>1Engine\5Singleton</Filter>
    </ClInclude>
    <ClInclude Include="Engine\StaticMesh.h">
      <Filter>1Engine\4Component\3Mesh\0StaticMesh</Filter>
    </ClInclude>
    <ClInclude Include="Engine\Transform.h">
      <Filter>1Engine\4Component\1Transform</Filter>
    </ClInclude>
    <ClInclude Include="Client\Camera.h">
      <Filter>2Client\1GameObject\0Camera</Filter>
    </ClInclude>
    <ClInclude Include="Engine\GraphicsManager.h">
      <Filter>1Engine\6Manager\2GraphicsManager</Filter>
    </ClInclude>
    <ClInclude Include="Engine\Shader.h">
      <Filter>1Engine\4Component\4Shader</Filter>
    </ClInclude>
    <ClInclude Include="Engine\DynamicMesh.h">
      <Filter>1Engine\4Component\3Mesh\1DynamicMesh</Filter>
    </ClInclude>
    <ClInclude Include="Engine\MeshHierarchy.h">
      <Filter>1Engine\4Component\3Mesh\1DynamicMesh\MeshHierarchy</Filter>
    </ClInclude>
    <ClInclude Include="Engine\AnimationController.h">
      <Filter>1Engine\4Component\3Mesh\1DynamicMesh\AnimationController</Filter>
    </ClInclude>
    <ClInclude Include="Client\test.h">
      <Filter>2Client\1GameObject\2Player\plane</Filter>
    </ClInclude>
    <ClInclude Include="Client\testChild.h">
      <Filter>2Client\1GameObject\2Player\child</Filter>
    </ClInclude>
    <ClInclude Include="Engine\Subject.h">
      <Filter>1Engine\7Observer\1Subject</Filter>
    </ClInclude>
    <ClInclude Include="Engine\Observer.h">
      <Filter>1Engine\7Observer\0Observer</Filter>
    </ClInclude>
    <ClInclude Include="Engine\SubjectManager.h">
      <Filter>1Engine\6Manager\3SubjectManager</Filter>
    </ClInclude>
    <ClInclude Include="Client\PlayerObserver.h">
      <Filter>2Client\2Observer\0PlayerObserver</Filter>
    </ClInclude>
    <ClInclude Include="Client\SkySphere.h">
      <Filter>2Client\1GameObject\1SkySphere</Filter>
    </ClInclude>
    <ClInclude Include="Engine\Texture.h">
      <Filter>1Engine\4Component\5Texture</Filter>
    </ClInclude>
    <ClInclude Include="Engine\Trail.h">
      <Filter>1Engine\4Component\6Trail</Filter>
    </ClInclude>
    <ClInclude Include="Engine\UIBase.h">
      <Filter>1Engine\8UI</Filter>
    </ClInclude>
    <ClInclude Include="Engine\DynamicUI.h">
      <Filter>1Engine\8UI\1DynamicUI</Filter>
    </ClInclude>
    <ClInclude Include="Engine\StaticUI.h">
      <Filter>1Engine\8UI\0StaticUI</Filter>
    </ClInclude>
    <ClInclude Include="Client\AimPoint.h">
      <Filter>2Client\1GameObject\3UI</Filter>
    </ClInclude>
  </ItemGroup>
  <ItemGroup>
    <FxCompile Include="Resources\Shaders\DefaultShader.fx">
      <Filter>1Engine\4Component\4Shader\0Default</Filter>
    </FxCompile>
    <FxCompile Include="Resources\Shaders\DynamicMeshShader.fx">
      <Filter>1Engine\4Component\4Shader\1DynamicMeshShader</Filter>
    </FxCompile>
  </ItemGroup>
</Project>